
Microsoft Visual Studio Solution File, Format Version 12.00
# Visual Studio Version 16
VisualStudioVersion = 16.0.29905.134
MinimumVisualStudioVersion = 10.0.40219.1
Project("{FAE04EC0-301F-11D3-BF4B-00C04F79EFBC}") = "prog4z3", "prog4z3\prog4z3.csproj", "{F1E2E819-2462-4740-848C-5C455E87FEDF}"
EndProject
Global
	GlobalSection(SolutionConfigurationPlatforms) = preSolution
		Debug|Any CPU = Debug|Any CPU
		Release|Any CPU = Release|Any CPU
	EndGlobalSection
	GlobalSection(ProjectConfigurationPlatforms) = postSolution
		{F1E2E819-2462-4740-848C-5C455E87FEDF}.Debug|Any CPU.ActiveCfg = Debug|Any CPU
		{F1E2E819-2462-4740-848C-5C455E87FEDF}.Debug|Any CPU.Build.0 = Debug|Any CPU
		{F1E2E819-2462-4740-848C-5C455E87FEDF}.Release|Any CPU.ActiveCfg = Release|Any CPU
		{F1E2E819-2462-4740-848C-5C455E87FEDF}.Release|Any CPU.Build.0 = Release|Any CPU
	EndGlobalSection
	GlobalSection(SolutionProperties) = preSolution
		HideSolutionNode = FALSE
	EndGlobalSection
	GlobalSection(ExtensibilityGlobals) = postSolution
		SolutionGuid = {59B80BF2-9662-4A0C-9019-0BD06598D052}
	EndGlobalSection
EndGlobal
